
Microsoft Visual Studio Solution File, Format Version 12.00
# Visual Studio Version 16
VisualStudioVersion = 16.0.30114.105
MinimumVisualStudioVersion = 10.0.40219.1
Project("{2150E333-8FDC-42A3-9474-1A3956D46DE8}") = "Identity", "Identity", "{EAD24EBB-A212-496C-8F77-137B5B9F80B5}"
EndProject
Project("{9A19103F-16F7-4668-BE54-9A1E7A4F7556}") = "Infrastructure", "src\Services\Identity\src\Infrastructure\Infrastructure.csproj", "{E6E530A8-2962-47DA-9637-880C2E1A0C93}"
EndProject
Project("{2150E333-8FDC-42A3-9474-1A3956D46DE8}") = "Services", "Services", "{1EE62C38-E41C-48C4-85FC-8F02E66CAF46}"
EndProject
Project("{2150E333-8FDC-42A3-9474-1A3956D46DE8}") = "src", "src", "{BC31F548-48FE-4940-B6EF-8367F3CE024F}"
EndProject
Project("{9A19103F-16F7-4668-BE54-9A1E7A4F7556}") = "Payment.Api", "src\Services\Payment\src\Payment.Api\Payment.Api.csproj", "{2CC37803-4CE9-4294-AC01-4B2F60084673}"
EndProject
Project("{2150E333-8FDC-42A3-9474-1A3956D46DE8}") = "Payment", "Payment", "{D6B1E650-B4EB-4944-98A7-F2627C570379}"
EndProject
Project("{2150E333-8FDC-42A3-9474-1A3956D46DE8}") = "MachineLearning", "MachineLearning", "{13BC28C4-5A30-4C1E-BFCF-53693FCD9805}"
EndProject
Project("{9A19103F-16F7-4668-BE54-9A1E7A4F7556}") = "MachineLearning.Api", "src\Services\MachineLearning\src\MachineLearning.Api\MachineLearning.Api.csproj", "{30FEB4E5-0B0F-446E-9275-9B0508052D00}"
EndProject
Project("{9A19103F-16F7-4668-BE54-9A1E7A4F7556}") = "Infrastructure", "src\Services\MachineLearning\src\Infrastructure\Infrastructure.csproj", "{4F9602F2-D450-4C5F-837F-9583B27F5D33}"
EndProject
Project("{9A19103F-16F7-4668-BE54-9A1E7A4F7556}") = "Domain", "src\Services\MachineLearning\src\Domain\Domain.csproj", "{0FF850E4-630B-4A22-B924-FA06EA68EC4D}"
EndProject
Project("{9A19103F-16F7-4668-BE54-9A1E7A4F7556}") = "Application", "src\Services\MachineLearning\src\Application\Application.csproj", "{2D9BC66C-47A6-4158-8383-8E0151061AD5}"
EndProject
Project("{9A19103F-16F7-4668-BE54-9A1E7A4F7556}") = "Infrastructure", "src\Services\Payment\src\Infrastructure\Infrastructure.csproj", "{C36EC08E-0916-4B96-8383-B5B654D329AC}"
EndProject
Project("{9A19103F-16F7-4668-BE54-9A1E7A4F7556}") = "Domain", "src\Services\Payment\src\Domain\Domain.csproj", "{8F1E2329-E084-4531-B253-624DEB02E074}"
EndProject
Project("{9A19103F-16F7-4668-BE54-9A1E7A4F7556}") = "Application", "src\Services\Payment\src\Application\Application.csproj", "{78C28A7D-26A7-41C7-A5FB-358A92F60D1A}"
EndProject
Project("{9A19103F-16F7-4668-BE54-9A1E7A4F7556}") = "Identity.Api", "src\Services\Identity\src\Identity.Api\Identity.Api.csproj", "{D69EE7BD-C04F-43FA-9FFA-8693356EADFA}"
EndProject
Global
	GlobalSection(SolutionConfigurationPlatforms) = preSolution
		Debug|Any CPU = Debug|Any CPU
		Release|Any CPU = Release|Any CPU
	EndGlobalSection
	GlobalSection(ProjectConfigurationPlatforms) = postSolution
		{E6E530A8-2962-47DA-9637-880C2E1A0C93}.Debug|Any CPU.ActiveCfg = Debug|Any CPU
		{E6E530A8-2962-47DA-9637-880C2E1A0C93}.Debug|Any CPU.Build.0 = Debug|Any CPU
		{E6E530A8-2962-47DA-9637-880C2E1A0C93}.Release|Any CPU.ActiveCfg = Release|Any CPU
		{E6E530A8-2962-47DA-9637-880C2E1A0C93}.Release|Any CPU.Build.0 = Release|Any CPU
		{2CC37803-4CE9-4294-AC01-4B2F60084673}.Debug|Any CPU.ActiveCfg = Debug|Any CPU
		{2CC37803-4CE9-4294-AC01-4B2F60084673}.Debug|Any CPU.Build.0 = Debug|Any CPU
		{2CC37803-4CE9-4294-AC01-4B2F60084673}.Release|Any CPU.ActiveCfg = Release|Any CPU
		{2CC37803-4CE9-4294-AC01-4B2F60084673}.Release|Any CPU.Build.0 = Release|Any CPU
		{30FEB4E5-0B0F-446E-9275-9B0508052D00}.Debug|Any CPU.ActiveCfg = Debug|Any CPU
		{30FEB4E5-0B0F-446E-9275-9B0508052D00}.Debug|Any CPU.Build.0 = Debug|Any CPU
		{30FEB4E5-0B0F-446E-9275-9B0508052D00}.Release|Any CPU.ActiveCfg = Release|Any CPU
		{30FEB4E5-0B0F-446E-9275-9B0508052D00}.Release|Any CPU.Build.0 = Release|Any CPU
		{4F9602F2-D450-4C5F-837F-9583B27F5D33}.Debug|Any CPU.ActiveCfg = Debug|Any CPU
		{4F9602F2-D450-4C5F-837F-9583B27F5D33}.Debug|Any CPU.Build.0 = Debug|Any CPU
		{4F9602F2-D450-4C5F-837F-9583B27F5D33}.Release|Any CPU.ActiveCfg = Release|Any CPU
		{4F9602F2-D450-4C5F-837F-9583B27F5D33}.Release|Any CPU.Build.0 = Release|Any CPU
		{0FF850E4-630B-4A22-B924-FA06EA68EC4D}.Debug|Any CPU.ActiveCfg = Debug|Any CPU
		{0FF850E4-630B-4A22-B924-FA06EA68EC4D}.Debug|Any CPU.Build.0 = Debug|Any CPU
		{0FF850E4-630B-4A22-B924-FA06EA68EC4D}.Release|Any CPU.ActiveCfg = Release|Any CPU
		{0FF850E4-630B-4A22-B924-FA06EA68EC4D}.Release|Any CPU.Build.0 = Release|Any CPU
		{2D9BC66C-47A6-4158-8383-8E0151061AD5}.Debug|Any CPU.ActiveCfg = Debug|Any CPU
		{2D9BC66C-47A6-4158-8383-8E0151061AD5}.Debug|Any CPU.Build.0 = Debug|Any CPU
		{2D9BC66C-47A6-4158-8383-8E0151061AD5}.Release|Any CPU.ActiveCfg = Release|Any CPU
		{2D9BC66C-47A6-4158-8383-8E0151061AD5}.Release|Any CPU.Build.0 = Release|Any CPU
		{C36EC08E-0916-4B96-8383-B5B654D329AC}.Debug|Any CPU.ActiveCfg = Debug|Any CPU
		{C36EC08E-0916-4B96-8383-B5B654D329AC}.Debug|Any CPU.Build.0 = Debug|Any CPU
		{C36EC08E-0916-4B96-8383-B5B654D329AC}.Release|Any CPU.ActiveCfg = Release|Any CPU
		{C36EC08E-0916-4B96-8383-B5B654D329AC}.Release|Any CPU.Build.0 = Release|Any CPU
		{8F1E2329-E084-4531-B253-624DEB02E074}.Debug|Any CPU.ActiveCfg = Debug|Any CPU
		{8F1E2329-E084-4531-B253-624DEB02E074}.Debug|Any CPU.Build.0 = Debug|Any CPU
		{8F1E2329-E084-4531-B253-624DEB02E074}.Release|Any CPU.ActiveCfg = Release|Any CPU
		{8F1E2329-E084-4531-B253-624DEB02E074}.Release|Any CPU.Build.0 = Release|Any CPU
		{78C28A7D-26A7-41C7-A5FB-358A92F60D1A}.Debug|Any CPU.ActiveCfg = Debug|Any CPU
		{78C28A7D-26A7-41C7-A5FB-358A92F60D1A}.Debug|Any CPU.Build.0 = Debug|Any CPU
		{78C28A7D-26A7-41C7-A5FB-358A92F60D1A}.Release|Any CPU.ActiveCfg = Release|Any CPU
		{78C28A7D-26A7-41C7-A5FB-358A92F60D1A}.Release|Any CPU.Build.0 = Release|Any CPU
		{D69EE7BD-C04F-43FA-9FFA-8693356EADFA}.Debug|Any CPU.ActiveCfg = Debug|Any CPU
		{D69EE7BD-C04F-43FA-9FFA-8693356EADFA}.Debug|Any CPU.Build.0 = Debug|Any CPU
		{D69EE7BD-C04F-43FA-9FFA-8693356EADFA}.Release|Any CPU.ActiveCfg = Release|Any CPU
		{D69EE7BD-C04F-43FA-9FFA-8693356EADFA}.Release|Any CPU.Build.0 = Release|Any CPU
	EndGlobalSection
	GlobalSection(SolutionProperties) = preSolution
		HideSolutionNode = FALSE
	EndGlobalSection
	GlobalSection(NestedProjects) = preSolution
		{EAD24EBB-A212-496C-8F77-137B5B9F80B5} = {1EE62C38-E41C-48C4-85FC-8F02E66CAF46}
		{E6E530A8-2962-47DA-9637-880C2E1A0C93} = {EAD24EBB-A212-496C-8F77-137B5B9F80B5}
		{1EE62C38-E41C-48C4-85FC-8F02E66CAF46} = {BC31F548-48FE-4940-B6EF-8367F3CE024F}
		{2CC37803-4CE9-4294-AC01-4B2F60084673} = {D6B1E650-B4EB-4944-98A7-F2627C570379}
		{D6B1E650-B4EB-4944-98A7-F2627C570379} = {1EE62C38-E41C-48C4-85FC-8F02E66CAF46}
		{13BC28C4-5A30-4C1E-BFCF-53693FCD9805} = {1EE62C38-E41C-48C4-85FC-8F02E66CAF46}
		{30FEB4E5-0B0F-446E-9275-9B0508052D00} = {13BC28C4-5A30-4C1E-BFCF-53693FCD9805}
		{4F9602F2-D450-4C5F-837F-9583B27F5D33} = {13BC28C4-5A30-4C1E-BFCF-53693FCD9805}
		{0FF850E4-630B-4A22-B924-FA06EA68EC4D} = {13BC28C4-5A30-4C1E-BFCF-53693FCD9805}
		{2D9BC66C-47A6-4158-8383-8E0151061AD5} = {13BC28C4-5A30-4C1E-BFCF-53693FCD9805}
		{C36EC08E-0916-4B96-8383-B5B654D329AC} = {D6B1E650-B4EB-4944-98A7-F2627C570379}
		{8F1E2329-E084-4531-B253-624DEB02E074} = {D6B1E650-B4EB-4944-98A7-F2627C570379}
		{78C28A7D-26A7-41C7-A5FB-358A92F60D1A} = {D6B1E650-B4EB-4944-98A7-F2627C570379}
		{D69EE7BD-C04F-43FA-9FFA-8693356EADFA} = {EAD24EBB-A212-496C-8F77-137B5B9F80B5}
	EndGlobalSection
	GlobalSection(ExtensibilityGlobals) = postSolution
		SolutionGuid = {CD1F7326-2BB5-402F-9464-A30E85B8B398}
	EndGlobalSection
EndGlobal
